
Microsoft Visual Studio Solution File, Format Version 12.00
# Visual Studio 15
VisualStudioVersion = 15.0.28307.572
MinimumVisualStudioVersion = 10.0.40219.1
Project("{FAE04EC0-301F-11D3-BF4B-00C04F79EFBC}") = "HelloWorldCommon", "HelloWorldCommon\HelloWorldCommon.csproj", "{9E25B6B2-9BDD-4D2A-AFAB-4C26E45A0AA6}"
EndProject
Global
	GlobalSection(SolutionConfigurationPlatforms) = preSolution
		Debug|Any CPU = Debug|Any CPU
		Release|Any CPU = Release|Any CPU
	EndGlobalSection
	GlobalSection(ProjectConfigurationPlatforms) = postSolution
		{9E25B6B2-9BDD-4D2A-AFAB-4C26E45A0AA6}.Debug|Any CPU.ActiveCfg = Debug|Any CPU
		{9E25B6B2-9BDD-4D2A-AFAB-4C26E45A0AA6}.Debug|Any CPU.Build.0 = Debug|Any CPU
		{9E25B6B2-9BDD-4D2A-AFAB-4C26E45A0AA6}.Release|Any CPU.ActiveCfg = Release|Any CPU
		{9E25B6B2-9BDD-4D2A-AFAB-4C26E45A0AA6}.Release|Any CPU.Build.0 = Release|Any CPU
	EndGlobalSection
	GlobalSection(SolutionProperties) = preSolution
		HideSolutionNode = FALSE
	EndGlobalSection
	GlobalSection(ExtensibilityGlobals) = postSolution
		SolutionGuid = {88E939D3-EF12-4D1D-A8BF-3F7D85C869EA}
	EndGlobalSection
EndGlobal
